
Microsoft Visual Studio Solution File, Format Version 12.00
# Visual Studio Version 17
VisualStudioVersion = 17.9.34723.18
MinimumVisualStudioVersion = 10.0.40219.1
Project("{FAE04EC0-301F-11D3-BF4B-00C04F79EFBC}") = "chess", "chess.csproj", "{8491089E-100E-40F7-8B39-1A269A87EE45}"
EndProject
Global
	GlobalSection(SolutionConfigurationPlatforms) = preSolution
		Debug|Any CPU = Debug|Any CPU
		Release|Any CPU = Release|Any CPU
	EndGlobalSection
	GlobalSection(ProjectConfigurationPlatforms) = postSolution
		{8491089E-100E-40F7-8B39-1A269A87EE45}.Debug|Any CPU.ActiveCfg = Debug|Any CPU
		{8491089E-100E-40F7-8B39-1A269A87EE45}.Debug|Any CPU.Build.0 = Debug|Any CPU
		{8491089E-100E-40F7-8B39-1A269A87EE45}.Release|Any CPU.ActiveCfg = Release|Any CPU
		{8491089E-100E-40F7-8B39-1A269A87EE45}.Release|Any CPU.Build.0 = Release|Any CPU
	EndGlobalSection
	GlobalSection(SolutionProperties) = preSolution
		HideSolutionNode = FALSE
	EndGlobalSection
	GlobalSection(ExtensibilityGlobals) = postSolution
		SolutionGuid = {F01CBC6E-4B62-464F-8E04-F228CBEBF27F}
	EndGlobalSection
EndGlobal
